
Microsoft Visual Studio Solution File, Format Version 12.00
# Visual Studio 14
VisualStudioVersion = 14.0.25123.0
MinimumVisualStudioVersion = 10.0.40219.1
Project("{FAE04EC0-301F-11D3-BF4B-00C04F79EFBC}") = "kinematica-cs-npgsql-timeline", "kinematica-cs-npgsql-timeline.csproj", "{3F763F5F-11B4-47B1-AD26-8B3BA0200A96}"
EndProject
Global
	GlobalSection(SolutionConfigurationPlatforms) = preSolution
		Debug|Any CPU = Debug|Any CPU
		debug-t|Any CPU = debug-t|Any CPU
		Release|Any CPU = Release|Any CPU
	EndGlobalSection
	GlobalSection(ProjectConfigurationPlatforms) = postSolution
		{3F763F5F-11B4-47B1-AD26-8B3BA0200A96}.Debug|Any CPU.ActiveCfg = Debug|Any CPU
		{3F763F5F-11B4-47B1-AD26-8B3BA0200A96}.Debug|Any CPU.Build.0 = Debug|Any CPU
		{3F763F5F-11B4-47B1-AD26-8B3BA0200A96}.debug-t|Any CPU.ActiveCfg = debug-t|Any CPU
		{3F763F5F-11B4-47B1-AD26-8B3BA0200A96}.debug-t|Any CPU.Build.0 = debug-t|Any CPU
		{3F763F5F-11B4-47B1-AD26-8B3BA0200A96}.Release|Any CPU.ActiveCfg = Release|Any CPU
		{3F763F5F-11B4-47B1-AD26-8B3BA0200A96}.Release|Any CPU.Build.0 = Release|Any CPU
	EndGlobalSection
	GlobalSection(SolutionProperties) = preSolution
		HideSolutionNode = FALSE
	EndGlobalSection
EndGlobal
